// !$*UTF8*$!
{
	archiveVersion = 1;
	classes = {
	};
	objectVersion = 50;
	objects = {

/* Begin PBXBuildFile section */
		4C3EBF0E20C320B00026DAA4 /* QuizViewController.swift in Sources */ = {isa = PBXBuildFile; fileRef = 4C3EBF0D20C320B00026DAA4 /* QuizViewController.swift */; };
		4C3EBF1020C320D50026DAA4 /* ResultViewController.swift in Sources */ = {isa = PBXBuildFile; fileRef = 4C3EBF0F20C320D50026DAA4 /* ResultViewController.swift */; };
		4C3EBF1220C326BC0026DAA4 /* Quiz.swift in Sources */ = {isa = PBXBuildFile; fileRef = 4C3EBF1120C326BC0026DAA4 /* Quiz.swift */; };
		4C3EBF1420C326D50026DAA4 /* QuizManager.swift in Sources */ = {isa = PBXBuildFile; fileRef = 4C3EBF1320C326D50026DAA4 /* QuizManager.swift */; };
		4C57432E20C1D484001329D1 /* AppDelegate.swift in Sources */ = {isa = PBXBuildFile; fileRef = 4C57432D20C1D484001329D1 /* AppDelegate.swift */; };
		4C57433020C1D484001329D1 /* ViewController.swift in Sources */ = {isa = PBXBuildFile; fileRef = 4C57432F20C1D484001329D1 /* ViewController.swift */; };
		4C57433320C1D484001329D1 /* Main.storyboard in Resources */ = {isa = PBXBuildFile; fileRef = 4C57433120C1D484001329D1 /* Main.storyboard */; };
		4C57433620C1D484001329D1 /* SwiftQuiz.xcdatamodeld in Sources */ = {isa = PBXBuildFile; fileRef = 4C57433420C1D484001329D1 /* SwiftQuiz.xcdatamodeld */; };
		4C57433820C1D485001329D1 /* Assets.xcassets in Resources */ = {isa = PBXBuildFile; fileRef = 4C57433720C1D485001329D1 /* Assets.xcassets */; };
		4C57433B20C1D485001329D1 /* LaunchScreen.storyboard in Resources */ = {isa = PBXBuildFile; fileRef = 4C57433920C1D485001329D1 /* LaunchScreen.storyboard */; };
/* End PBXBuildFile section */

/* Begin PBXFileReference section */
		4C3EBF0D20C320B00026DAA4 /* QuizViewController.swift */ = {isa = PBXFileReference; lastKnownFileType = sourcecode.swift; path = QuizViewController.swift; sourceTree = "<group>"; };
		4C3EBF0F20C320D50026DAA4 /* ResultViewController.swift */ = {isa = PBXFileReference; lastKnownFileType = sourcecode.swift; path = ResultViewController.swift; sourceTree = "<group>"; };
		4C3EBF1120C326BC0026DAA4 /* Quiz.swift */ = {isa = PBXFileReference; lastKnownFileType = sourcecode.swift; path = Quiz.swift; sourceTree = "<group>"; };
		4C3EBF1320C326D50026DAA4 /* QuizManager.swift */ = {isa = PBXFileReference; lastKnownFileType = sourcecode.swift; path = QuizManager.swift; sourceTree = "<group>"; };
		4C57432A20C1D484001329D1 /* SwiftQuiz.app */ = {isa = PBXFileReference; explicitFileType = wrapper.application; includeInIndex = 0; path = SwiftQuiz.app; sourceTree = BUILT_PRODUCTS_DIR; };
		4C57432D20C1D484001329D1 /* AppDelegate.swift */ = {isa = PBXFileReference; lastKnownFileType = sourcecode.swift; path = AppDelegate.swift; sourceTree = "<group>"; };
		4C57432F20C1D484001329D1 /* ViewController.swift */ = {isa = PBXFileReference; lastKnownFileType = sourcecode.swift; path = ViewController.swift; sourceTree = "<group>"; };
		4C57433220C1D484001329D1 /* Base */ = {isa = PBXFileReference; lastKnownFileType = file.storyboard; name = Base; path = Base.lproj/Main.storyboard; sourceTree = "<group>"; };
		4C57433520C1D484001329D1 /* SwiftQuiz.xcdatamodel */ = {isa = PBXFileReference; lastKnownFileType = wrapper.xcdatamodel; path = SwiftQuiz.xcdatamodel; sourceTree = "<group>"; };
		4C57433720C1D485001329D1 /* Assets.xcassets */ = {isa = PBXFileReference; lastKnownFileType = folder.assetcatalog; path = Assets.xcassets; sourceTree = "<group>"; };
		4C57433A20C1D485001329D1 /* Base */ = {isa = PBXFileReference; lastKnownFileType = file.storyboard; name = Base; path = Base.lproj/LaunchScreen.storyboard; sourceTree = "<group>"; };
		4C57433C20C1D485001329D1 /* Info.plist */ = {isa = PBXFileReference; lastKnownFileType = text.plist.xml; path = Info.plist; sourceTree = "<group>"; };
/* End PBXFileReference section */

/* Begin PBXFrameworksBuildPhase section */
		4C57432720C1D484001329D1 /* Frameworks */ = {
			isa = PBXFrameworksBuildPhase;
			buildActionMask = 2147483647;
			files = (
			);
			runOnlyForDeploymentPostprocessing = 0;
		};
/* End PBXFrameworksBuildPhase section */

/* Begin PBXGroup section */
		4C57432120C1D484001329D1 = {
			isa = PBXGroup;
			children = (
				4C57432C20C1D484001329D1 /* SwiftQuiz */,
				4C57432B20C1D484001329D1 /* Products */,
			);
			sourceTree = "<group>";
		};
		4C57432B20C1D484001329D1 /* Products */ = {
			isa = PBXGroup;
			children = (
				4C57432A20C1D484001329D1 /* SwiftQuiz.app */,
			);
			name = Products;
			sourceTree = "<group>";
		};
		4C57432C20C1D484001329D1 /* SwiftQuiz */ = {
			isa = PBXGroup;
			children = (
				4C57432D20C1D484001329D1 /* AppDelegate.swift */,
				4C57432F20C1D484001329D1 /* ViewController.swift */,
				4C57433120C1D484001329D1 /* Main.storyboard */,
				4C57433720C1D485001329D1 /* Assets.xcassets */,
				4C57433920C1D485001329D1 /* LaunchScreen.storyboard */,
				4C57433C20C1D485001329D1 /* Info.plist */,
				4C57433420C1D484001329D1 /* SwiftQuiz.xcdatamodeld */,
				4C3EBF0D20C320B00026DAA4 /* QuizViewController.swift */,
				4C3EBF0F20C320D50026DAA4 /* ResultViewController.swift */,
				4C3EBF1120C326BC0026DAA4 /* Quiz.swift */,
				4C3EBF1320C326D50026DAA4 /* QuizManager.swift */,
			);
			path = SwiftQuiz;
			sourceTree = "<group>";
		};
/* End PBXGroup section */

/* Begin PBXNativeTarget section */
		4C57432920C1D484001329D1 /* SwiftQuiz */ = {
			isa = PBXNativeTarget;
			buildConfigurationList = 4C57433F20C1D485001329D1 /* Build configuration list for PBXNativeTarget "SwiftQuiz" */;
			buildPhases = (
				4C57432620C1D484001329D1 /* Sources */,
				4C57432720C1D484001329D1 /* Frameworks */,
				4C57432820C1D484001329D1 /* Resources */,
			);
			buildRules = (
			);
			dependencies = (
			);
			name = SwiftQuiz;
			productName = SwiftQuiz;
			productReference = 4C57432A20C1D484001329D1 /* SwiftQuiz.app */;
			productType = "com.apple.product-type.application";
		};
/* End PBXNativeTarget section */

/* Begin PBXProject section */
		4C57432220C1D484001329D1 /* Project object */ = {
			isa = PBXProject;
			attributes = {
				LastSwiftUpdateCheck = 0940;
				LastUpgradeCheck = 0940;
				ORGANIZATIONNAME = "Caio Cardozo";
				TargetAttributes = {
					4C57432920C1D484001329D1 = {
						CreatedOnToolsVersion = 9.4;
					};
				};
			};
			buildConfigurationList = 4C57432520C1D484001329D1 /* Build configuration list for PBXProject "SwiftQuiz" */;
			compatibilityVersion = "Xcode 9.3";
			developmentRegion = en;
			hasScannedForEncodings = 0;
			knownRegions = (
				en,
				Base,
			);
			mainGroup = 4C57432120C1D484001329D1;
			productRefGroup = 4C57432B20C1D484001329D1 /* Products */;
			projectDirPath = "";
			projectRoot = "";
			targets = (
				4C57432920C1D484001329D1 /* SwiftQuiz */,
			);
		};
/* End PBXProject section */

/* Begin PBXResourcesBuildPhase section */
		4C57432820C1D484001329D1 /* Resources */ = {
			isa = PBXResourcesBuildPhase;
			buildActionMask = 2147483647;
			files = (
				4C57433B20C1D485001329D1 /* LaunchScreen.storyboard in Resources */,
				4C57433820C1D485001329D1 /* Assets.xcassets in Resources */,
				4C57433320C1D484001329D1 /* Main.storyboard in Resources */,
			);
			runOnlyForDeploymentPostprocessing = 0;
		};
/* End PBXResourcesBuildPhase section */

/* Begin PBXSourcesBuildPhase section */
		4C57432620C1D484001329D1 /* Sources */ = {
			isa = PBXSourcesBuildPhase;
			buildActionMask = 2147483647;
			files = (
				4C3EBF1020C320D50026DAA4 /* ResultViewController.swift in Sources */,
				4C57433020C1D484001329D1 /* ViewController.swift in Sources */,
				4C3EBF1220C326BC0026DAA4 /* Quiz.swift in Sources */,
				4C3EBF1420C326D50026DAA4 /* QuizManager.swift in Sources */,
				4C57433620C1D484001329D1 /* SwiftQuiz.xcdatamodeld in Sources */,
				4C57432E20C1D484001329D1 /* AppDelegate.swift in Sources */,
				4C3EBF0E20C320B00026DAA4 /* QuizViewController.swift in Sources */,
			);
			runOnlyForDeploymentPostprocessing = 0;
		};
/* End PBXSourcesBuildPhase section */

/* Begin PBXVariantGroup section */
		4C57433120C1D484001329D1 /* Main.storyboard */ = {
			isa = PBXVariantGroup;
			children = (
				4C57433220C1D484001329D1 /* Base */,
			);
			name = Main.storyboard;
			sourceTree = "<group>";
		};
		4C57433920C1D485001329D1 /* LaunchScreen.storyboard */ = {
			isa = PBXVariantGroup;
			children = (
				4C57433A20C1D485001329D1 /* Base */,
			);
			name = LaunchScreen.storyboard;
			sourceTree = "<group>";
		};
/* End PBXVariantGroup section */

/* Begin XCBuildConfiguration section */
		4C57433D20C1D485001329D1 /* Debug */ = {
			isa = XCBuildConfiguration;
			buildSettings = {
				ALWAYS_SEARCH_USER_PATHS = NO;
				CLANG_ANALYZER_NONNULL = YES;
				CLANG_ANALYZER_NUMBER_OBJECT_CONVERSION = YES_AGGRESSIVE;
				CLANG_CXX_LANGUAGE_STANDARD = "gnu++14";
				CLANG_CXX_LIBRARY = "libc++";
				CLANG_ENABLE_MODULES = YES;
				CLANG_ENABLE_OBJC_ARC = YES;
				CLANG_ENABLE_OBJC_WEAK = YES;
				CLANG_WARN_BLOCK_CAPTURE_AUTORELEASING = YES;
				CLANG_WARN_BOOL_CONVERSION = YES;
				CLANG_WARN_COMMA = YES;
				CLANG_WARN_CONSTANT_CONVERSION = YES;
				CLANG_WARN_DEPRECATED_OBJC_IMPLEMENTATIONS = YES;
				CLANG_WARN_DIRECT_OBJC_ISA_USAGE = YES_ERROR;
				CLANG_WARN_DOCUMENTATION_COMMENTS = YES;
				CLANG_WARN_EMPTY_BODY = YES;
				CLANG_WARN_ENUM_CONVERSION = YES;
				CLANG_WARN_INFINITE_RECURSION = YES;
				CLANG_WARN_INT_CONVERSION = YES;
				CLANG_WARN_NON_LITERAL_NULL_CONVERSION = YES;
				CLANG_WARN_OBJC_IMPLICIT_RETAIN_SELF = YES;
				CLANG_WARN_OBJC_LITERAL_CONVERSION = YES;
				CLANG_WARN_OBJC_ROOT_CLASS = YES_ERROR;
				CLANG_WARN_RANGE_LOOP_ANALYSIS = YES;
				CLANG_WARN_STRICT_PROTOTYPES = YES;
				CLANG_WARN_SUSPICIOUS_MOVE = YES;
				CLANG_WARN_UNGUARDED_AVAILABILITY = YES_AGGRESSIVE;
				CLANG_WARN_UNREACHABLE_CODE = YES;
				CLANG_WARN__DUPLICATE_METHOD_MATCH = YES;
				CODE_SIGN_IDENTITY = "iPhone Developer";
				COPY_PHASE_STRIP = NO;
				DEBUG_INFORMATION_FORMAT = dwarf;
				ENABLE_STRICT_OBJC_MSGSEND = YES;
				ENABLE_TESTABILITY = YES;
				GCC_C_LANGUAGE_STANDARD = gnu11;
				GCC_DYNAMIC_NO_PIC = NO;
				GCC_NO_COMMON_BLOCKS = YES;
				GCC_OPTIMIZATION_LEVEL = 0;
				GCC_PREPROCESSOR_DEFINITIONS = (
					"DEBUG=1",
					"$(inherited)",
				);
				GCC_WARN_64_TO_32_BIT_CONVERSION = YES;
				GCC_WARN_ABOUT_RETURN_TYPE = YES_ERROR;
				GCC_WARN_UNDECLARED_SELECTOR = YES;
				GCC_WARN_UNINITIALIZED_AUTOS = YES_AGGRESSIVE;
				GCC_WARN_UNUSED_FUNCTION = YES;
				GCC_WARN_UNUSED_VARIABLE = YES;
				IPHONEOS_DEPLOYMENT_TARGET = 11.4;
				MTL_ENABLE_DEBUG_INFO = YES;
				ONLY_ACTIVE_ARCH = YES;
				SDKROOT = iphoneos;
				SWIFT_ACTIVE_COMPILATION_CONDITIONS = DEBUG;
				SWIFT_OPTIMIZATION_LEVEL = "-Onone";
			};
			name = Debug;
		};
		4C57433E20C1D485001329D1 /* Release */ = {
			isa = XCBuildConfiguration;
			buildSettings = {
				ALWAYS_SEARCH_USER_PATHS = NO;
				CLANG_ANALYZER_NONNULL = YES;
				CLANG_ANALYZER_NUMBER_OBJECT_CONVERSION = YES_AGGRESSIVE;
				CLANG_CXX_LANGUAGE_STANDARD = "gnu++14";
				CLANG_CXX_LIBRARY = "libc++";
				CLANG_ENABLE_MODULES = YES;
				CLANG_ENABLE_OBJC_ARC = YES;
				CLANG_ENABLE_OBJC_WEAK = YES;
				CLANG_WARN_BLOCK_CAPTURE_AUTORELEASING = YES;
				CLANG_WARN_BOOL_CONVERSION = YES;
				CLANG_WARN_COMMA = YES;
				CLANG_WARN_CONSTANT_CONVERSION = YES;
				CLANG_WARN_DEPRECATED_OBJC_IMPLEMENTATIONS = YES;
				CLANG_WARN_DIRECT_OBJC_ISA_USAGE = YES_ERROR;
				CLANG_WARN_DOCUMENTATION_COMMENTS = YES;
				CLANG_WARN_EMPTY_BODY = YES;
				CLANG_WARN_ENUM_CONVERSION = YES;
				CLANG_WARN_INFINITE_RECURSION = YES;
				CLANG_WARN_INT_CONVERSION = YES;
				CLANG_WARN_NON_LITERAL_NULL_CONVERSION = YES;
				CLANG_WARN_OBJC_IMPLICIT_RETAIN_SELF = YES;
				CLANG_WARN_OBJC_LITERAL_CONVERSION = YES;
				CLANG_WARN_OBJC_ROOT_CLASS = YES_ERROR;
				CLANG_WARN_RANGE_LOOP_ANALYSIS = YES;
				CLANG_WARN_STRICT_PROTOTYPES = YES;
				CLANG_WARN_SUSPICIOUS_MOVE = YES;
				CLANG_WARN_UNGUARDED_AVAILABILITY = YES_AGGRESSIVE;
				CLANG_WARN_UNREACHABLE_CODE = YES;
				CLANG_WARN__DUPLICATE_METHOD_MATCH = YES;
				CODE_SIGN_IDENTITY = "iPhone Developer";
				COPY_PHASE_STRIP = NO;
				DEBUG_INFORMATION_FORMAT = "dwarf-with-dsym";
				ENABLE_NS_ASSERTIONS = NO;
				ENABLE_STRICT_OBJC_MSGSEND = YES;
				GCC_C_LANGUAGE_STANDARD = gnu11;
				GCC_NO_COMMON_BLOCKS = YES;
				GCC_WARN_64_TO_32_BIT_CONVERSION = YES;
				GCC_WARN_ABOUT_RETURN_TYPE = YES_ERROR;
				GCC_WARN_UNDECLARED_SELECTOR = YES;
				GCC_WARN_UNINITIALIZED_AUTOS = YES_AGGRESSIVE;
				GCC_WARN_UNUSED_FUNCTION = YES;
				GCC_WARN_UNUSED_VARIABLE = YES;
				IPHONEOS_DEPLOYMENT_TARGET = 11.4;
				MTL_ENABLE_DEBUG_INFO = NO;
				SDKROOT = iphoneos;
				SWIFT_COMPILATION_MODE = wholemodule;
				SWIFT_OPTIMIZATION_LEVEL = "-O";
				VALIDATE_PRODUCT = YES;
			};
			name = Release;
		};
		4C57434020C1D485001329D1 /* Debug */ = {
			isa = XCBuildConfiguration;
			buildSettings = {
				ALWAYS_EMBED_SWIFT_STANDARD_LIBRARIES = YES;
				ASSETCATALOG_COMPILER_APPICON_NAME = AppIcon;
				CODE_SIGN_STYLE = Automatic;
				DEVELOPMENT_TEAM = 944A2D6BW6;
				INFOPLIST_FILE = SwiftQuiz/Info.plist;
				LD_RUNPATH_SEARCH_PATHS = (
					"$(inherited)",
					"@executable_path/Frameworks",
				);
				PRODUCT_BUNDLE_IDENTIFIER = cardozocaio.SwiftQuiz;
				PRODUCT_NAME = "$(TARGET_NAME)";
				SWIFT_VERSION = 4.0;
				TARGETED_DEVICE_FAMILY = "1,2";
			};
			name = Debug;
		};
		4C57434120C1D485001329D1 /* Release */ = {
			isa = XCBuildConfiguration;
			buildSettings = {
				ALWAYS_EMBED_SWIFT_STANDARD_LIBRARIES = YES;
				ASSETCATALOG_COMPILER_APPICON_NAME = AppIcon;
				CODE_SIGN_STYLE = Automatic;
				DEVELOPMENT_TEAM = 944A2D6BW6;
				INFOPLIST_FILE = SwiftQuiz/Info.plist;
				LD_RUNPATH_SEARCH_PATHS = (
					"$(inherited)",
					"@executable_path/Frameworks",
				);
				PRODUCT_BUNDLE_IDENTIFIER = cardozocaio.SwiftQuiz;
				PRODUCT_NAME = "$(TARGET_NAME)";
				SWIFT_VERSION = 4.0;
				TARGETED_DEVICE_FAMILY = "1,2";
			};
			name = Release;
		};
/* End XCBuildConfiguration section */

/* Begin XCConfigurationList section */
		4C57432520C1D484001329D1 /* Build configuration list for PBXProject "SwiftQuiz" */ = {
			isa = XCConfigurationList;
			buildConfigurations = (
				4C57433D20C1D485001329D1 /* Debug */,
				4C57433E20C1D485001329D1 /* Release */,
			);
			defaultConfigurationIsVisible = 0;
			defaultConfigurationName = Release;
		};
		4C57433F20C1D485001329D1 /* Build configuration list for PBXNativeTarget "SwiftQuiz" */ = {
			isa = XCConfigurationList;
			buildConfigurations = (
				4C57434020C1D485001329D1 /* Debug */,
				4C57434120C1D485001329D1 /* Release */,
			);
			defaultConfigurationIsVisible = 0;
			defaultConfigurationName = Release;
		};
/* End XCConfigurationList section */

/* Begin XCVersionGroup section */
		4C57433420C1D484001329D1 /* SwiftQuiz.xcdatamodeld */ = {
			isa = XCVersionGroup;
			children = (
				4C57433520C1D484001329D1 /* SwiftQuiz.xcdatamodel */,
			);
			currentVersion = 4C57433520C1D484001329D1 /* SwiftQuiz.xcdatamodel */;
			path = SwiftQuiz.xcdatamodeld;
			sourceTree = "<group>";
			versionGroupType = wrapper.xcdatamodel;
		};
/* End XCVersionGroup section */
	};
	rootObject = 4C57432220C1D484001329D1 /* Project object */;
}
